{
  "name": "AnimalEstate",
  "version": "3.6.3",
  "lockfileVersion": 3,
  "requires": true,
  "packages": {
    "": {
      "name": "AnimalEstate",
      "version": "3.6.3",
      "dependencies": {
        "minigame-api-typings": "^3.7.3"
      }
    },
    "node_modules/minigame-api-typings": {
      "version": "3.7.3",
      "resolved": "https://registry.npmjs.org/minigame-api-typings/-/minigame-api-typings-3.7.3.tgz",
      "integrity": "sha512-qu+ZjjVH8N370B2EHDUUmBp/EGSd91lCjRjTxYPcA/nnY5KFZ2nC1j6o09hVhtCkvM9/HDbepfWwgFPiGU9W+g=="
    }
  }
}
