
Microsoft Visual Studio Solution File, Format Version 12.00
# Visual Studio Version 17
VisualStudioVersion = 17.2.32505.173
MinimumVisualStudioVersion = 10.0.40219.1
Project("{2150E333-8FDC-42A3-9474-1A3956D46DE8}") = "common", "common", "{DC52CDD4-2DB5-4231-9891-350CC45BBB89}"
EndProject
Project("{2150E333-8FDC-42A3-9474-1A3956D46DE8}") = "component", "component", "{11C5227E-6283-4A4D-BAD6-B79DC5B080A7}"
EndProject
Project("{9A19103F-16F7-4668-BE54-9A1E7A4F7556}") = "center", "component\center\center.csproj", "{AFDDB05A-9476-4ABA-A62F-10A81E0E897D}"
EndProject
Project("{9A19103F-16F7-4668-BE54-9A1E7A4F7556}") = "control", "component\control\control.csproj", "{2F8724CF-2FAE-472B-AB64-3F6FBCFDE412}"
EndProject
Project("{9A19103F-16F7-4668-BE54-9A1E7A4F7556}") = "dbproxy", "component\dbproxy\dbproxy.csproj", "{6DB1DA23-1656-435D-B782-B48F4B145E43}"
EndProject
Project("{9A19103F-16F7-4668-BE54-9A1E7A4F7556}") = "hub", "component\hub\hub.csproj", "{6201B9B5-517A-4D6E-AB61-09921FAD962F}"
EndProject
Project("{9A19103F-16F7-4668-BE54-9A1E7A4F7556}") = "robot", "component\robot\robot.csproj", "{57501793-0A49-4E7B-AFD0-30ED7D318727}"
EndProject
Project("{9A19103F-16F7-4668-BE54-9A1E7A4F7556}") = "common", "common\common.csproj", "{682A7FB6-D086-438E-877F-67750DF56700}"
EndProject
Project("{9A19103F-16F7-4668-BE54-9A1E7A4F7556}") = "protocol", "proto\protocol.csproj", "{BB11D67B-53E2-4904-83A9-20C51B1B5543}"
EndProject
Project("{2150E333-8FDC-42A3-9474-1A3956D46DE8}") = "server", "server", "{46B39C2B-0951-457B-A005-C46014B7A839}"
EndProject
Project("{9A19103F-16F7-4668-BE54-9A1E7A4F7556}") = "center_svr", "server\center_svr\center_svr.csproj", "{5E321DDB-3C07-4080-97EC-51A81CA41E58}"
EndProject
Project("{9A19103F-16F7-4668-BE54-9A1E7A4F7556}") = "dbproxy_svr", "server\dbproxy_svr\dbproxy_svr.csproj", "{BC0B1891-7863-4B09-9B5B-CB595EE7215C}"
EndProject
Project("{9A19103F-16F7-4668-BE54-9A1E7A4F7556}") = "player", "server\player\player.csproj", "{80F1050C-366A-4A9C-B067-3E27FBE05E69}"
EndProject
Project("{9A19103F-16F7-4668-BE54-9A1E7A4F7556}") = "login", "server\login\login.csproj", "{764F98E1-0F15-48B8-8C8B-806CDE7289D3}"
EndProject
Project("{9A19103F-16F7-4668-BE54-9A1E7A4F7556}") = "game_proto", "game_proto\game_proto.csproj", "{DDCCF9B2-C467-40D2-A7DE-07638DBCC994}"
EndProject
Project("{9A19103F-16F7-4668-BE54-9A1E7A4F7556}") = "room", "server\room\room.csproj", "{0DA77634-B89C-4AFB-A5F8-897D178F8C93}"
EndProject
Project("{9A19103F-16F7-4668-BE54-9A1E7A4F7556}") = "match", "server\match\match.csproj", "{172D43BC-F0B4-4CBA-BA88-5E4C19AE183F}"
EndProject
Project("{9A19103F-16F7-4668-BE54-9A1E7A4F7556}") = "game", "server\game\game.csproj", "{7167F880-585E-497F-8E36-57B1B40DB64D}"
EndProject
Global
	GlobalSection(SolutionConfigurationPlatforms) = preSolution
		Debug|Any CPU = Debug|Any CPU
		Release|Any CPU = Release|Any CPU
	EndGlobalSection
	GlobalSection(ProjectConfigurationPlatforms) = postSolution
		{AFDDB05A-9476-4ABA-A62F-10A81E0E897D}.Debug|Any CPU.ActiveCfg = Debug|Any CPU
		{AFDDB05A-9476-4ABA-A62F-10A81E0E897D}.Debug|Any CPU.Build.0 = Debug|Any CPU
		{AFDDB05A-9476-4ABA-A62F-10A81E0E897D}.Release|Any CPU.ActiveCfg = Release|Any CPU
		{AFDDB05A-9476-4ABA-A62F-10A81E0E897D}.Release|Any CPU.Build.0 = Release|Any CPU
		{2F8724CF-2FAE-472B-AB64-3F6FBCFDE412}.Debug|Any CPU.ActiveCfg = Debug|Any CPU
		{2F8724CF-2FAE-472B-AB64-3F6FBCFDE412}.Debug|Any CPU.Build.0 = Debug|Any CPU
		{2F8724CF-2FAE-472B-AB64-3F6FBCFDE412}.Release|Any CPU.ActiveCfg = Release|Any CPU
		{2F8724CF-2FAE-472B-AB64-3F6FBCFDE412}.Release|Any CPU.Build.0 = Release|Any CPU
		{6DB1DA23-1656-435D-B782-B48F4B145E43}.Debug|Any CPU.ActiveCfg = Debug|Any CPU
		{6DB1DA23-1656-435D-B782-B48F4B145E43}.Debug|Any CPU.Build.0 = Debug|Any CPU
		{6DB1DA23-1656-435D-B782-B48F4B145E43}.Release|Any CPU.ActiveCfg = Release|Any CPU
		{6DB1DA23-1656-435D-B782-B48F4B145E43}.Release|Any CPU.Build.0 = Release|Any CPU
		{6201B9B5-517A-4D6E-AB61-09921FAD962F}.Debug|Any CPU.ActiveCfg = Debug|Any CPU
		{6201B9B5-517A-4D6E-AB61-09921FAD962F}.Debug|Any CPU.Build.0 = Debug|Any CPU
		{6201B9B5-517A-4D6E-AB61-09921FAD962F}.Release|Any CPU.ActiveCfg = Release|Any CPU
		{6201B9B5-517A-4D6E-AB61-09921FAD962F}.Release|Any CPU.Build.0 = Release|Any CPU
		{57501793-0A49-4E7B-AFD0-30ED7D318727}.Debug|Any CPU.ActiveCfg = Debug|Any CPU
		{57501793-0A49-4E7B-AFD0-30ED7D318727}.Debug|Any CPU.Build.0 = Debug|Any CPU
		{57501793-0A49-4E7B-AFD0-30ED7D318727}.Release|Any CPU.ActiveCfg = Release|Any CPU
		{57501793-0A49-4E7B-AFD0-30ED7D318727}.Release|Any CPU.Build.0 = Release|Any CPU
		{682A7FB6-D086-438E-877F-67750DF56700}.Debug|Any CPU.ActiveCfg = Debug|Any CPU
		{682A7FB6-D086-438E-877F-67750DF56700}.Debug|Any CPU.Build.0 = Debug|Any CPU
		{682A7FB6-D086-438E-877F-67750DF56700}.Release|Any CPU.ActiveCfg = Release|Any CPU
		{682A7FB6-D086-438E-877F-67750DF56700}.Release|Any CPU.Build.0 = Release|Any CPU
		{BB11D67B-53E2-4904-83A9-20C51B1B5543}.Debug|Any CPU.ActiveCfg = Debug|Any CPU
		{BB11D67B-53E2-4904-83A9-20C51B1B5543}.Debug|Any CPU.Build.0 = Debug|Any CPU
		{BB11D67B-53E2-4904-83A9-20C51B1B5543}.Release|Any CPU.ActiveCfg = Release|Any CPU
		{BB11D67B-53E2-4904-83A9-20C51B1B5543}.Release|Any CPU.Build.0 = Release|Any CPU
		{5E321DDB-3C07-4080-97EC-51A81CA41E58}.Debug|Any CPU.ActiveCfg = Debug|Any CPU
		{5E321DDB-3C07-4080-97EC-51A81CA41E58}.Debug|Any CPU.Build.0 = Debug|Any CPU
		{5E321DDB-3C07-4080-97EC-51A81CA41E58}.Release|Any CPU.ActiveCfg = Release|Any CPU
		{5E321DDB-3C07-4080-97EC-51A81CA41E58}.Release|Any CPU.Build.0 = Release|Any CPU
		{BC0B1891-7863-4B09-9B5B-CB595EE7215C}.Debug|Any CPU.ActiveCfg = Debug|Any CPU
		{BC0B1891-7863-4B09-9B5B-CB595EE7215C}.Debug|Any CPU.Build.0 = Debug|Any CPU
		{BC0B1891-7863-4B09-9B5B-CB595EE7215C}.Release|Any CPU.ActiveCfg = Release|Any CPU
		{BC0B1891-7863-4B09-9B5B-CB595EE7215C}.Release|Any CPU.Build.0 = Release|Any CPU
		{80F1050C-366A-4A9C-B067-3E27FBE05E69}.Debug|Any CPU.ActiveCfg = Debug|Any CPU
		{80F1050C-366A-4A9C-B067-3E27FBE05E69}.Debug|Any CPU.Build.0 = Debug|Any CPU
		{80F1050C-366A-4A9C-B067-3E27FBE05E69}.Release|Any CPU.ActiveCfg = Release|Any CPU
		{80F1050C-366A-4A9C-B067-3E27FBE05E69}.Release|Any CPU.Build.0 = Release|Any CPU
		{764F98E1-0F15-48B8-8C8B-806CDE7289D3}.Debug|Any CPU.ActiveCfg = Debug|Any CPU
		{764F98E1-0F15-48B8-8C8B-806CDE7289D3}.Debug|Any CPU.Build.0 = Debug|Any CPU
		{764F98E1-0F15-48B8-8C8B-806CDE7289D3}.Release|Any CPU.ActiveCfg = Release|Any CPU
		{764F98E1-0F15-48B8-8C8B-806CDE7289D3}.Release|Any CPU.Build.0 = Release|Any CPU
		{DDCCF9B2-C467-40D2-A7DE-07638DBCC994}.Debug|Any CPU.ActiveCfg = Debug|Any CPU
		{DDCCF9B2-C467-40D2-A7DE-07638DBCC994}.Debug|Any CPU.Build.0 = Debug|Any CPU
		{DDCCF9B2-C467-40D2-A7DE-07638DBCC994}.Release|Any CPU.ActiveCfg = Release|Any CPU
		{DDCCF9B2-C467-40D2-A7DE-07638DBCC994}.Release|Any CPU.Build.0 = Release|Any CPU
		{0DA77634-B89C-4AFB-A5F8-897D178F8C93}.Debug|Any CPU.ActiveCfg = Debug|Any CPU
		{0DA77634-B89C-4AFB-A5F8-897D178F8C93}.Debug|Any CPU.Build.0 = Debug|Any CPU
		{0DA77634-B89C-4AFB-A5F8-897D178F8C93}.Release|Any CPU.ActiveCfg = Release|Any CPU
		{0DA77634-B89C-4AFB-A5F8-897D178F8C93}.Release|Any CPU.Build.0 = Release|Any CPU
		{172D43BC-F0B4-4CBA-BA88-5E4C19AE183F}.Debug|Any CPU.ActiveCfg = Debug|Any CPU
		{172D43BC-F0B4-4CBA-BA88-5E4C19AE183F}.Debug|Any CPU.Build.0 = Debug|Any CPU
		{172D43BC-F0B4-4CBA-BA88-5E4C19AE183F}.Release|Any CPU.ActiveCfg = Release|Any CPU
		{172D43BC-F0B4-4CBA-BA88-5E4C19AE183F}.Release|Any CPU.Build.0 = Release|Any CPU
		{7167F880-585E-497F-8E36-57B1B40DB64D}.Debug|Any CPU.ActiveCfg = Debug|Any CPU
		{7167F880-585E-497F-8E36-57B1B40DB64D}.Debug|Any CPU.Build.0 = Debug|Any CPU
		{7167F880-585E-497F-8E36-57B1B40DB64D}.Release|Any CPU.ActiveCfg = Release|Any CPU
		{7167F880-585E-497F-8E36-57B1B40DB64D}.Release|Any CPU.Build.0 = Release|Any CPU
	EndGlobalSection
	GlobalSection(SolutionProperties) = preSolution
		HideSolutionNode = FALSE
	EndGlobalSection
	GlobalSection(NestedProjects) = preSolution
		{AFDDB05A-9476-4ABA-A62F-10A81E0E897D} = {11C5227E-6283-4A4D-BAD6-B79DC5B080A7}
		{2F8724CF-2FAE-472B-AB64-3F6FBCFDE412} = {11C5227E-6283-4A4D-BAD6-B79DC5B080A7}
		{6DB1DA23-1656-435D-B782-B48F4B145E43} = {11C5227E-6283-4A4D-BAD6-B79DC5B080A7}
		{6201B9B5-517A-4D6E-AB61-09921FAD962F} = {11C5227E-6283-4A4D-BAD6-B79DC5B080A7}
		{57501793-0A49-4E7B-AFD0-30ED7D318727} = {11C5227E-6283-4A4D-BAD6-B79DC5B080A7}
		{682A7FB6-D086-438E-877F-67750DF56700} = {DC52CDD4-2DB5-4231-9891-350CC45BBB89}
		{BB11D67B-53E2-4904-83A9-20C51B1B5543} = {DC52CDD4-2DB5-4231-9891-350CC45BBB89}
		{5E321DDB-3C07-4080-97EC-51A81CA41E58} = {46B39C2B-0951-457B-A005-C46014B7A839}
		{BC0B1891-7863-4B09-9B5B-CB595EE7215C} = {46B39C2B-0951-457B-A005-C46014B7A839}
		{80F1050C-366A-4A9C-B067-3E27FBE05E69} = {46B39C2B-0951-457B-A005-C46014B7A839}
		{764F98E1-0F15-48B8-8C8B-806CDE7289D3} = {46B39C2B-0951-457B-A005-C46014B7A839}
		{DDCCF9B2-C467-40D2-A7DE-07638DBCC994} = {11C5227E-6283-4A4D-BAD6-B79DC5B080A7}
		{0DA77634-B89C-4AFB-A5F8-897D178F8C93} = {46B39C2B-0951-457B-A005-C46014B7A839}
		{172D43BC-F0B4-4CBA-BA88-5E4C19AE183F} = {46B39C2B-0951-457B-A005-C46014B7A839}
		{7167F880-585E-497F-8E36-57B1B40DB64D} = {46B39C2B-0951-457B-A005-C46014B7A839}
	EndGlobalSection
	GlobalSection(ExtensibilityGlobals) = postSolution
		SolutionGuid = {71881DAC-9ED6-472F-AB12-DE9020A519C1}
	EndGlobalSection
EndGlobal
